// !$*UTF8*$!
{
	archiveVersion = 1;
	classes = {
	};
	objectVersion = 46;
	objects = {

/* Begin PBXBuildFile section */
		6162E01719C81167003FE897 /* CreateAccount2ViewController.swift in Sources */ = {isa = PBXBuildFile; fileRef = 6162E01619C81167003FE897 /* CreateAccount2ViewController.swift */; };
		6175FA2119C2B47900CA2057 /* AppDelegate.swift in Sources */ = {isa = PBXBuildFile; fileRef = 6175FA2019C2B47900CA2057 /* AppDelegate.swift */; };
		6175FA2319C2B47900CA2057 /* ViewController.swift in Sources */ = {isa = PBXBuildFile; fileRef = 6175FA2219C2B47900CA2057 /* ViewController.swift */; };
		6175FA2619C2B47900CA2057 /* Main.storyboard in Resources */ = {isa = PBXBuildFile; fileRef = 6175FA2419C2B47900CA2057 /* Main.storyboard */; };
		6175FA2819C2B47900CA2057 /* Images.xcassets in Resources */ = {isa = PBXBuildFile; fileRef = 6175FA2719C2B47900CA2057 /* Images.xcassets */; };
		6175FA2B19C2B47900CA2057 /* LaunchScreen.xib in Resources */ = {isa = PBXBuildFile; fileRef = 6175FA2919C2B47900CA2057 /* LaunchScreen.xib */; };
		6175FA3719C2B47900CA2057 /* DropboxWeekOneTests.swift in Sources */ = {isa = PBXBuildFile; fileRef = 6175FA3619C2B47900CA2057 /* DropboxWeekOneTests.swift */; };
		6175FA4119C4AA4100CA2057 /* BackToWelcomeViewController.swift in Sources */ = {isa = PBXBuildFile; fileRef = 6175FA4019C4AA4100CA2057 /* BackToWelcomeViewController.swift */; };
		6175FA4319C4ACB700CA2057 /* SignInBackToWelcomeViewController.swift in Sources */ = {isa = PBXBuildFile; fileRef = 6175FA4219C4ACB700CA2057 /* SignInBackToWelcomeViewController.swift */; };
		6175FA4519C4B12A00CA2057 /* DoneWithTermsViewController.swift in Sources */ = {isa = PBXBuildFile; fileRef = 6175FA4419C4B12A00CA2057 /* DoneWithTermsViewController.swift */; };
		6175FA4719C4DAC200CA2057 /* SettingsViewController.swift in Sources */ = {isa = PBXBuildFile; fileRef = 6175FA4619C4DAC200CA2057 /* SettingsViewController.swift */; };
		6175FA4919C4E72200CA2057 /* CreateAccountRootViewController.swift in Sources */ = {isa = PBXBuildFile; fileRef = 6175FA4819C4E72200CA2057 /* CreateAccountRootViewController.swift */; };
		6175FA4B19C4E73500CA2057 /* SignInRootViewController.swift in Sources */ = {isa = PBXBuildFile; fileRef = 6175FA4A19C4E73500CA2057 /* SignInRootViewController.swift */; };
		6175FA4D19C4EAA800CA2057 /* CancelTroubleViewController.swift in Sources */ = {isa = PBXBuildFile; fileRef = 6175FA4C19C4EAA800CA2057 /* CancelTroubleViewController.swift */; };
		6175FA4F19C6AD2700CA2057 /* WelcomeOneViewController.swift in Sources */ = {isa = PBXBuildFile; fileRef = 6175FA4E19C6AD2700CA2057 /* WelcomeOneViewController.swift */; };
		6175FA5119C6B70900CA2057 /* WelcomeTwoViewController.swift in Sources */ = {isa = PBXBuildFile; fileRef = 6175FA5019C6B70900CA2057 /* WelcomeTwoViewController.swift */; };
/* End PBXBuildFile section */

/* Begin PBXContainerItemProxy section */
		6175FA3119C2B47900CA2057 /* PBXContainerItemProxy */ = {
			isa = PBXContainerItemProxy;
			containerPortal = 6175FA1319C2B47800CA2057 /* Project object */;
			proxyType = 1;
			remoteGlobalIDString = 6175FA1A19C2B47800CA2057;
			remoteInfo = DropboxWeekOne;
		};
/* End PBXContainerItemProxy section */

/* Begin PBXFileReference section */
		6162E01619C81167003FE897 /* CreateAccount2ViewController.swift */ = {isa = PBXFileReference; fileEncoding = 4; lastKnownFileType = sourcecode.swift; path = CreateAccount2ViewController.swift; sourceTree = "<group>"; };
		6175FA1B19C2B47900CA2057 /* DropboxWeekOne.app */ = {isa = PBXFileReference; explicitFileType = wrapper.application; includeInIndex = 0; path = DropboxWeekOne.app; sourceTree = BUILT_PRODUCTS_DIR; };
		6175FA1F19C2B47900CA2057 /* Info.plist */ = {isa = PBXFileReference; lastKnownFileType = text.plist.xml; path = Info.plist; sourceTree = "<group>"; };
		6175FA2019C2B47900CA2057 /* AppDelegate.swift */ = {isa = PBXFileReference; lastKnownFileType = sourcecode.swift; path = AppDelegate.swift; sourceTree = "<group>"; };
		6175FA2219C2B47900CA2057 /* ViewController.swift */ = {isa = PBXFileReference; lastKnownFileType = sourcecode.swift; path = ViewController.swift; sourceTree = "<group>"; };
		6175FA2519C2B47900CA2057 /* Base */ = {isa = PBXFileReference; lastKnownFileType = file.storyboard; name = Base; path = Base.lproj/Main.storyboard; sourceTree = "<group>"; };
		6175FA2719C2B47900CA2057 /* Images.xcassets */ = {isa = PBXFileReference; lastKnownFileType = folder.assetcatalog; path = Images.xcassets; sourceTree = "<group>"; };
		6175FA2A19C2B47900CA2057 /* Base */ = {isa = PBXFileReference; lastKnownFileType = file.xib; name = Base; path = Base.lproj/LaunchScreen.xib; sourceTree = "<group>"; };
		6175FA3019C2B47900CA2057 /* DropboxWeekOneTests.xctest */ = {isa = PBXFileReference; explicitFileType = wrapper.cfbundle; includeInIndex = 0; path = DropboxWeekOneTests.xctest; sourceTree = BUILT_PRODUCTS_DIR; };
		6175FA3519C2B47900CA2057 /* Info.plist */ = {isa = PBXFileReference; lastKnownFileType = text.plist.xml; path = Info.plist; sourceTree = "<group>"; };
		6175FA3619C2B47900CA2057 /* DropboxWeekOneTests.swift */ = {isa = PBXFileReference; lastKnownFileType = sourcecode.swift; path = DropboxWeekOneTests.swift; sourceTree = "<group>"; };
		6175FA4019C4AA4100CA2057 /* BackToWelcomeViewController.swift */ = {isa = PBXFileReference; fileEncoding = 4; lastKnownFileType = sourcecode.swift; path = BackToWelcomeViewController.swift; sourceTree = "<group>"; };
		6175FA4219C4ACB700CA2057 /* SignInBackToWelcomeViewController.swift */ = {isa = PBXFileReference; fileEncoding = 4; lastKnownFileType = sourcecode.swift; path = SignInBackToWelcomeViewController.swift; sourceTree = "<group>"; };
		6175FA4419C4B12A00CA2057 /* DoneWithTermsViewController.swift */ = {isa = PBXFileReference; fileEncoding = 4; lastKnownFileType = sourcecode.swift; path = DoneWithTermsViewController.swift; sourceTree = "<group>"; };
		6175FA4619C4DAC200CA2057 /* SettingsViewController.swift */ = {isa = PBXFileReference; fileEncoding = 4; lastKnownFileType = sourcecode.swift; path = SettingsViewController.swift; sourceTree = "<group>"; };
		6175FA4819C4E72200CA2057 /* CreateAccountRootViewController.swift */ = {isa = PBXFileReference; fileEncoding = 4; lastKnownFileType = sourcecode.swift; path = CreateAccountRootViewController.swift; sourceTree = "<group>"; };
		6175FA4A19C4E73500CA2057 /* SignInRootViewController.swift */ = {isa = PBXFileReference; fileEncoding = 4; lastKnownFileType = sourcecode.swift; path = SignInRootViewController.swift; sourceTree = "<group>"; };
		6175FA4C19C4EAA800CA2057 /* CancelTroubleViewController.swift */ = {isa = PBXFileReference; fileEncoding = 4; lastKnownFileType = sourcecode.swift; path = CancelTroubleViewController.swift; sourceTree = "<group>"; };
		6175FA4E19C6AD2700CA2057 /* WelcomeOneViewController.swift */ = {isa = PBXFileReference; fileEncoding = 4; lastKnownFileType = sourcecode.swift; path = WelcomeOneViewController.swift; sourceTree = "<group>"; };
		6175FA5019C6B70900CA2057 /* WelcomeTwoViewController.swift */ = {isa = PBXFileReference; fileEncoding = 4; lastKnownFileType = sourcecode.swift; path = WelcomeTwoViewController.swift; sourceTree = "<group>"; };
/* End PBXFileReference section */

/* Begin PBXFrameworksBuildPhase section */
		6175FA1819C2B47800CA2057 /* Frameworks */ = {
			isa = PBXFrameworksBuildPhase;
			buildActionMask = 2147483647;
			files = (
			);
			runOnlyForDeploymentPostprocessing = 0;
		};
		6175FA2D19C2B47900CA2057 /* Frameworks */ = {
			isa = PBXFrameworksBuildPhase;
			buildActionMask = 2147483647;
			files = (
			);
			runOnlyForDeploymentPostprocessing = 0;
		};
/* End PBXFrameworksBuildPhase section */

/* Begin PBXGroup section */
		6175FA1219C2B47800CA2057 = {
			isa = PBXGroup;
			children = (
				6175FA1D19C2B47900CA2057 /* DropboxWeekOne */,
				6175FA3319C2B47900CA2057 /* DropboxWeekOneTests */,
				6175FA1C19C2B47900CA2057 /* Products */,
			);
			sourceTree = "<group>";
		};
		6175FA1C19C2B47900CA2057 /* Products */ = {
			isa = PBXGroup;
			children = (
				6175FA1B19C2B47900CA2057 /* DropboxWeekOne.app */,
				6175FA3019C2B47900CA2057 /* DropboxWeekOneTests.xctest */,
			);
			name = Products;
			sourceTree = "<group>";
		};
		6175FA1D19C2B47900CA2057 /* DropboxWeekOne */ = {
			isa = PBXGroup;
			children = (
				6175FA2019C2B47900CA2057 /* AppDelegate.swift */,
				6175FA2219C2B47900CA2057 /* ViewController.swift */,
				6175FA2419C2B47900CA2057 /* Main.storyboard */,
				6162E01619C81167003FE897 /* CreateAccount2ViewController.swift */,
				6175FA5019C6B70900CA2057 /* WelcomeTwoViewController.swift */,
				6175FA4E19C6AD2700CA2057 /* WelcomeOneViewController.swift */,
				6175FA4A19C4E73500CA2057 /* SignInRootViewController.swift */,
				6175FA4C19C4EAA800CA2057 /* CancelTroubleViewController.swift */,
				6175FA4819C4E72200CA2057 /* CreateAccountRootViewController.swift */,
				6175FA4619C4DAC200CA2057 /* SettingsViewController.swift */,
				6175FA4019C4AA4100CA2057 /* BackToWelcomeViewController.swift */,
				6175FA4219C4ACB700CA2057 /* SignInBackToWelcomeViewController.swift */,
				6175FA4419C4B12A00CA2057 /* DoneWithTermsViewController.swift */,
				6175FA2719C2B47900CA2057 /* Images.xcassets */,
				6175FA2919C2B47900CA2057 /* LaunchScreen.xib */,
				6175FA1E19C2B47900CA2057 /* Supporting Files */,
			);
			path = DropboxWeekOne;
			sourceTree = "<group>";
		};
		6175FA1E19C2B47900CA2057 /* Supporting Files */ = {
			isa = PBXGroup;
			children = (
				6175FA1F19C2B47900CA2057 /* Info.plist */,
			);
			name = "Supporting Files";
			sourceTree = "<group>";
		};
		6175FA3319C2B47900CA2057 /* DropboxWeekOneTests */ = {
			isa = PBXGroup;
			children = (
				6175FA3619C2B47900CA2057 /* DropboxWeekOneTests.swift */,
				6175FA3419C2B47900CA2057 /* Supporting Files */,
			);
			path = DropboxWeekOneTests;
			sourceTree = "<group>";
		};
		6175FA3419C2B47900CA2057 /* Supporting Files */ = {
			isa = PBXGroup;
			children = (
				6175FA3519C2B47900CA2057 /* Info.plist */,
			);
			name = "Supporting Files";
			sourceTree = "<group>";
		};
/* End PBXGroup section */

/* Begin PBXNativeTarget section */
		6175FA1A19C2B47800CA2057 /* DropboxWeekOne */ = {
			isa = PBXNativeTarget;
			buildConfigurationList = 6175FA3A19C2B47900CA2057 /* Build configuration list for PBXNativeTarget "DropboxWeekOne" */;
			buildPhases = (
				6175FA1719C2B47800CA2057 /* Sources */,
				6175FA1819C2B47800CA2057 /* Frameworks */,
				6175FA1919C2B47800CA2057 /* Resources */,
			);
			buildRules = (
			);
			dependencies = (
			);
			name = DropboxWeekOne;
			productName = DropboxWeekOne;
			productReference = 6175FA1B19C2B47900CA2057 /* DropboxWeekOne.app */;
			productType = "com.apple.product-type.application";
		};
		6175FA2F19C2B47900CA2057 /* DropboxWeekOneTests */ = {
			isa = PBXNativeTarget;
			buildConfigurationList = 6175FA3D19C2B47900CA2057 /* Build configuration list for PBXNativeTarget "DropboxWeekOneTests" */;
			buildPhases = (
				6175FA2C19C2B47900CA2057 /* Sources */,
				6175FA2D19C2B47900CA2057 /* Frameworks */,
				6175FA2E19C2B47900CA2057 /* Resources */,
			);
			buildRules = (
			);
			dependencies = (
				6175FA3219C2B47900CA2057 /* PBXTargetDependency */,
			);
			name = DropboxWeekOneTests;
			productName = DropboxWeekOneTests;
			productReference = 6175FA3019C2B47900CA2057 /* DropboxWeekOneTests.xctest */;
			productType = "com.apple.product-type.bundle.unit-test";
		};
/* End PBXNativeTarget section */

/* Begin PBXProject section */
		6175FA1319C2B47800CA2057 /* Project object */ = {
			isa = PBXProject;
			attributes = {
				LastUpgradeCheck = 0600;
				ORGANIZATIONNAME = "Jessica Jarvis";
				TargetAttributes = {
					6175FA1A19C2B47800CA2057 = {
						CreatedOnToolsVersion = 6.0;
					};
					6175FA2F19C2B47900CA2057 = {
						CreatedOnToolsVersion = 6.0;
						TestTargetID = 6175FA1A19C2B47800CA2057;
					};
				};
			};
			buildConfigurationList = 6175FA1619C2B47800CA2057 /* Build configuration list for PBXProject "DropboxWeekOne" */;
			compatibilityVersion = "Xcode 3.2";
			developmentRegion = English;
			hasScannedForEncodings = 0;
			knownRegions = (
				en,
				Base,
			);
			mainGroup = 6175FA1219C2B47800CA2057;
			productRefGroup = 6175FA1C19C2B47900CA2057 /* Products */;
			projectDirPath = "";
			projectRoot = "";
			targets = (
				6175FA1A19C2B47800CA2057 /* DropboxWeekOne */,
				6175FA2F19C2B47900CA2057 /* DropboxWeekOneTests */,
			);
		};
/* End PBXProject section */

/* Begin PBXResourcesBuildPhase section */
		6175FA1919C2B47800CA2057 /* Resources */ = {
			isa = PBXResourcesBuildPhase;
			buildActionMask = 2147483647;
			files = (
				6175FA2619C2B47900CA2057 /* Main.storyboard in Resources */,
				6175FA2B19C2B47900CA2057 /* LaunchScreen.xib in Resources */,
				6175FA2819C2B47900CA2057 /* Images.xcassets in Resources */,
			);
			runOnlyForDeploymentPostprocessing = 0;
		};
		6175FA2E19C2B47900CA2057 /* Resources */ = {
			isa = PBXResourcesBuildPhase;
			buildActionMask = 2147483647;
			files = (
			);
			runOnlyForDeploymentPostprocessing = 0;
		};
/* End PBXResourcesBuildPhase section */

/* Begin PBXSourcesBuildPhase section */
		6175FA1719C2B47800CA2057 /* Sources */ = {
			isa = PBXSourcesBuildPhase;
			buildActionMask = 2147483647;
			files = (
				6175FA4919C4E72200CA2057 /* CreateAccountRootViewController.swift in Sources */,
				6175FA2319C2B47900CA2057 /* ViewController.swift in Sources */,
				6175FA4F19C6AD2700CA2057 /* WelcomeOneViewController.swift in Sources */,
				6162E01719C81167003FE897 /* CreateAccount2ViewController.swift in Sources */,
				6175FA4519C4B12A00CA2057 /* DoneWithTermsViewController.swift in Sources */,
				6175FA4319C4ACB700CA2057 /* SignInBackToWelcomeViewController.swift in Sources */,
				6175FA4B19C4E73500CA2057 /* SignInRootViewController.swift in Sources */,
				6175FA4119C4AA4100CA2057 /* BackToWelcomeViewController.swift in Sources */,
				6175FA2119C2B47900CA2057 /* AppDelegate.swift in Sources */,
				6175FA4719C4DAC200CA2057 /* SettingsViewController.swift in Sources */,
				6175FA4D19C4EAA800CA2057 /* CancelTroubleViewController.swift in Sources */,
				6175FA5119C6B70900CA2057 /* WelcomeTwoViewController.swift in Sources */,
			);
			runOnlyForDeploymentPostprocessing = 0;
		};
		6175FA2C19C2B47900CA2057 /* Sources */ = {
			isa = PBXSourcesBuildPhase;
			buildActionMask = 2147483647;
			files = (
				6175FA3719C2B47900CA2057 /* DropboxWeekOneTests.swift in Sources */,
			);
			runOnlyForDeploymentPostprocessing = 0;
		};
/* End PBXSourcesBuildPhase section */

/* Begin PBXTargetDependency section */
		6175FA3219C2B47900CA2057 /* PBXTargetDependency */ = {
			isa = PBXTargetDependency;
			target = 6175FA1A19C2B47800CA2057 /* DropboxWeekOne */;
			targetProxy = 6175FA3119C2B47900CA2057 /* PBXContainerItemProxy */;
		};
/* End PBXTargetDependency section */

/* Begin PBXVariantGroup section */
		6175FA2419C2B47900CA2057 /* Main.storyboard */ = {
			isa = PBXVariantGroup;
			children = (
				6175FA2519C2B47900CA2057 /* Base */,
			);
			name = Main.storyboard;
			sourceTree = "<group>";
		};
		6175FA2919C2B47900CA2057 /* LaunchScreen.xib */ = {
			isa = PBXVariantGroup;
			children = (
				6175FA2A19C2B47900CA2057 /* Base */,
			);
			name = LaunchScreen.xib;
			sourceTree = "<group>";
		};
/* End PBXVariantGroup section */

/* Begin XCBuildConfiguration section */
		6175FA3819C2B47900CA2057 /* Debug */ = {
			isa = XCBuildConfiguration;
			buildSettings = {
				ALWAYS_SEARCH_USER_PATHS = NO;
				CLANG_CXX_LANGUAGE_STANDARD = "gnu++0x";
				CLANG_CXX_LIBRARY = "libc++";
				CLANG_ENABLE_MODULES = YES;
				CLANG_ENABLE_OBJC_ARC = YES;
				CLANG_WARN_BOOL_CONVERSION = YES;
				CLANG_WARN_CONSTANT_CONVERSION = YES;
				CLANG_WARN_DIRECT_OBJC_ISA_USAGE = YES_ERROR;
				CLANG_WARN_EMPTY_BODY = YES;
				CLANG_WARN_ENUM_CONVERSION = YES;
				CLANG_WARN_INT_CONVERSION = YES;
				CLANG_WARN_OBJC_ROOT_CLASS = YES_ERROR;
				CLANG_WARN_UNREACHABLE_CODE = YES;
				CLANG_WARN__DUPLICATE_METHOD_MATCH = YES;
				"CODE_SIGN_IDENTITY[sdk=iphoneos*]" = "iPhone Developer";
				COPY_PHASE_STRIP = NO;
				ENABLE_STRICT_OBJC_MSGSEND = YES;
				GCC_C_LANGUAGE_STANDARD = gnu99;
				GCC_DYNAMIC_NO_PIC = NO;
				GCC_OPTIMIZATION_LEVEL = 0;
				GCC_PREPROCESSOR_DEFINITIONS = (
					"DEBUG=1",
					"$(inherited)",
				);
				GCC_SYMBOLS_PRIVATE_EXTERN = NO;
				GCC_WARN_64_TO_32_BIT_CONVERSION = YES;
				GCC_WARN_ABOUT_RETURN_TYPE = YES_ERROR;
				GCC_WARN_UNDECLARED_SELECTOR = YES;
				GCC_WARN_UNINITIALIZED_AUTOS = YES_AGGRESSIVE;
				GCC_WARN_UNUSED_FUNCTION = YES;
				GCC_WARN_UNUSED_VARIABLE = YES;
				IPHONEOS_DEPLOYMENT_TARGET = 8.0;
				MTL_ENABLE_DEBUG_INFO = YES;
				ONLY_ACTIVE_ARCH = YES;
				SDKROOT = iphoneos;
				SWIFT_OPTIMIZATION_LEVEL = "-Onone";
			};
			name = Debug;
		};
		6175FA3919C2B47900CA2057 /* Release */ = {
			isa = XCBuildConfiguration;
			buildSettings = {
				ALWAYS_SEARCH_USER_PATHS = NO;
				CLANG_CXX_LANGUAGE_STANDARD = "gnu++0x";
				CLANG_CXX_LIBRARY = "libc++";
				CLANG_ENABLE_MODULES = YES;
				CLANG_ENABLE_OBJC_ARC = YES;
				CLANG_WARN_BOOL_CONVERSION = YES;
				CLANG_WARN_CONSTANT_CONVERSION = YES;
				CLANG_WARN_DIRECT_OBJC_ISA_USAGE = YES_ERROR;
				CLANG_WARN_EMPTY_BODY = YES;
				CLANG_WARN_ENUM_CONVERSION = YES;
				CLANG_WARN_INT_CONVERSION = YES;
				CLANG_WARN_OBJC_ROOT_CLASS = YES_ERROR;
				CLANG_WARN_UNREACHABLE_CODE = YES;
				CLANG_WARN__DUPLICATE_METHOD_MATCH = YES;
				"CODE_SIGN_IDENTITY[sdk=iphoneos*]" = "iPhone Developer";
				COPY_PHASE_STRIP = YES;
				ENABLE_NS_ASSERTIONS = NO;
				ENABLE_STRICT_OBJC_MSGSEND = YES;
				GCC_C_LANGUAGE_STANDARD = gnu99;
				GCC_WARN_64_TO_32_BIT_CONVERSION = YES;
				GCC_WARN_ABOUT_RETURN_TYPE = YES_ERROR;
				GCC_WARN_UNDECLARED_SELECTOR = YES;
				GCC_WARN_UNINITIALIZED_AUTOS = YES_AGGRESSIVE;
				GCC_WARN_UNUSED_FUNCTION = YES;
				GCC_WARN_UNUSED_VARIABLE = YES;
				IPHONEOS_DEPLOYMENT_TARGET = 8.0;
				MTL_ENABLE_DEBUG_INFO = NO;
				SDKROOT = iphoneos;
				VALIDATE_PRODUCT = YES;
			};
			name = Release;
		};
		6175FA3B19C2B47900CA2057 /* Debug */ = {
			isa = XCBuildConfiguration;
			buildSettings = {
				ASSETCATALOG_COMPILER_APPICON_NAME = AppIcon;
				INFOPLIST_FILE = DropboxWeekOne/Info.plist;
				IPHONEOS_DEPLOYMENT_TARGET = 7.0;
				LD_RUNPATH_SEARCH_PATHS = "$(inherited) @executable_path/Frameworks";
				PRODUCT_NAME = "$(TARGET_NAME)";
			};
			name = Debug;
		};
		6175FA3C19C2B47900CA2057 /* Release */ = {
			isa = XCBuildConfiguration;
			buildSettings = {
				ASSETCATALOG_COMPILER_APPICON_NAME = AppIcon;
				INFOPLIST_FILE = DropboxWeekOne/Info.plist;
				IPHONEOS_DEPLOYMENT_TARGET = 7.0;
				LD_RUNPATH_SEARCH_PATHS = "$(inherited) @executable_path/Frameworks";
				PRODUCT_NAME = "$(TARGET_NAME)";
			};
			name = Release;
		};
		6175FA3E19C2B47900CA2057 /* Debug */ = {
			isa = XCBuildConfiguration;
			buildSettings = {
				BUNDLE_LOADER = "$(TEST_HOST)";
				FRAMEWORK_SEARCH_PATHS = (
					"$(SDKROOT)/Developer/Library/Frameworks",
					"$(inherited)",
				);
				GCC_PREPROCESSOR_DEFINITIONS = (
					"DEBUG=1",
					"$(inherited)",
				);
				INFOPLIST_FILE = DropboxWeekOneTests/Info.plist;
				LD_RUNPATH_SEARCH_PATHS = "$(inherited) @executable_path/Frameworks @loader_path/Frameworks";
				PRODUCT_NAME = "$(TARGET_NAME)";
				TEST_HOST = "$(BUILT_PRODUCTS_DIR)/DropboxWeekOne.app/DropboxWeekOne";
			};
			name = Debug;
		};
		6175FA3F19C2B47900CA2057 /* Release */ = {
			isa = XCBuildConfiguration;
			buildSettings = {
				BUNDLE_LOADER = "$(TEST_HOST)";
				FRAMEWORK_SEARCH_PATHS = (
					"$(SDKROOT)/Developer/Library/Frameworks",
					"$(inherited)",
				);
				INFOPLIST_FILE = DropboxWeekOneTests/Info.plist;
				LD_RUNPATH_SEARCH_PATHS = "$(inherited) @executable_path/Frameworks @loader_path/Frameworks";
				PRODUCT_NAME = "$(TARGET_NAME)";
				TEST_HOST = "$(BUILT_PRODUCTS_DIR)/DropboxWeekOne.app/DropboxWeekOne";
			};
			name = Release;
		};
/* End XCBuildConfiguration section */

/* Begin XCConfigurationList section */
		6175FA1619C2B47800CA2057 /* Build configuration list for PBXProject "DropboxWeekOne" */ = {
			isa = XCConfigurationList;
			buildConfigurations = (
				6175FA3819C2B47900CA2057 /* Debug */,
				6175FA3919C2B47900CA2057 /* Release */,
			);
			defaultConfigurationIsVisible = 0;
			defaultConfigurationName = Release;
		};
		6175FA3A19C2B47900CA2057 /* Build configuration list for PBXNativeTarget "DropboxWeekOne" */ = {
			isa = XCConfigurationList;
			buildConfigurations = (
				6175FA3B19C2B47900CA2057 /* Debug */,
				6175FA3C19C2B47900CA2057 /* Release */,
			);
			defaultConfigurationIsVisible = 0;
			defaultConfigurationName = Release;
		};
		6175FA3D19C2B47900CA2057 /* Build configuration list for PBXNativeTarget "DropboxWeekOneTests" */ = {
			isa = XCConfigurationList;
			buildConfigurations = (
				6175FA3E19C2B47900CA2057 /* Debug */,
				6175FA3F19C2B47900CA2057 /* Release */,
			);
			defaultConfigurationIsVisible = 0;
			defaultConfigurationName = Release;
		};
/* End XCConfigurationList section */
	};
	rootObject = 6175FA1319C2B47800CA2057 /* Project object */;
}
